
Microsoft Visual Studio Solution File, Format Version 12.00
# Visual Studio Version 17
VisualStudioVersion = 17.4.33403.182
MinimumVisualStudioVersion = 10.0.40219.1
Project("{9A19103F-16F7-4668-BE54-9A1E7A4F7556}") = "jadedleader3", "jadedleader3\jadedleader3.csproj", "{008262A2-B194-4F2C-975E-D002B0E60848}"
EndProject
Global
	GlobalSection(SolutionConfigurationPlatforms) = preSolution
		Debug|Any CPU = Debug|Any CPU
		Release|Any CPU = Release|Any CPU
	EndGlobalSection
	GlobalSection(ProjectConfigurationPlatforms) = postSolution
		{008262A2-B194-4F2C-975E-D002B0E60848}.Debug|Any CPU.ActiveCfg = Debug|Any CPU
		{008262A2-B194-4F2C-975E-D002B0E60848}.Debug|Any CPU.Build.0 = Debug|Any CPU
		{008262A2-B194-4F2C-975E-D002B0E60848}.Release|Any CPU.ActiveCfg = Release|Any CPU
		{008262A2-B194-4F2C-975E-D002B0E60848}.Release|Any CPU.Build.0 = Release|Any CPU
	EndGlobalSection
	GlobalSection(SolutionProperties) = preSolution
		HideSolutionNode = FALSE
	EndGlobalSection
	GlobalSection(ExtensibilityGlobals) = postSolution
		SolutionGuid = {C4D68274-33E7-4AC9-B274-1B9605393AD8}
	EndGlobalSection
EndGlobal
