
Microsoft Visual Studio Solution File, Format Version 12.00
# Visual Studio Version 17
VisualStudioVersion = 17.7.34009.444
MinimumVisualStudioVersion = 10.0.40219.1
Project("{FAE04EC0-301F-11D3-BF4B-00C04F79EFBC}") = "ParkAirsAssignment", "ParkAirsAssignment\ParkAirsAssignment.csproj", "{CDF2FDD6-8EB2-4BE5-AFFA-FCE8DE799A5E}"
EndProject
Global
	GlobalSection(SolutionConfigurationPlatforms) = preSolution
		Debug|Any CPU = Debug|Any CPU
		Release|Any CPU = Release|Any CPU
	EndGlobalSection
	GlobalSection(ProjectConfigurationPlatforms) = postSolution
		{CDF2FDD6-8EB2-4BE5-AFFA-FCE8DE799A5E}.Debug|Any CPU.ActiveCfg = Debug|Any CPU
		{CDF2FDD6-8EB2-4BE5-AFFA-FCE8DE799A5E}.Debug|Any CPU.Build.0 = Debug|Any CPU
		{CDF2FDD6-8EB2-4BE5-AFFA-FCE8DE799A5E}.Release|Any CPU.ActiveCfg = Release|Any CPU
		{CDF2FDD6-8EB2-4BE5-AFFA-FCE8DE799A5E}.Release|Any CPU.Build.0 = Release|Any CPU
	EndGlobalSection
	GlobalSection(SolutionProperties) = preSolution
		HideSolutionNode = FALSE
	EndGlobalSection
	GlobalSection(ExtensibilityGlobals) = postSolution
		SolutionGuid = {187A908E-03EB-4C60-B722-D16A74913B28}
	EndGlobalSection
EndGlobal
